
Microsoft Visual Studio Solution File, Format Version 12.00
# Visual Studio Version 16
VisualStudioVersion = 16.0.31424.327
MinimumVisualStudioVersion = 10.0.40219.1
Project("{8BC9CEB8-8B4A-11D0-8D11-00A0C91BC942}") = "Sandbox", "Sandbox\Sandbox.vcxproj", "{6013E6A1-235B-4E2D-8A69-089F8E4B6858}"
EndProject
Project("{8BC9CEB8-8B4A-11D0-8D11-00A0C91BC942}") = "Letgen", "Letgen\LETGEN.vcxproj", "{B31137D8-982E-476C-8E55-CC3022E45B31}"
EndProject
Global
	GlobalSection(SolutionConfigurationPlatforms) = preSolution
		Debug|x64 = Debug|x64
		Release|x64 = Release|x64
	EndGlobalSection
	GlobalSection(ProjectConfigurationPlatforms) = postSolution
		{6013E6A1-235B-4E2D-8A69-089F8E4B6858}.Debug|x64.ActiveCfg = Debug|x64
		{6013E6A1-235B-4E2D-8A69-089F8E4B6858}.Debug|x64.Build.0 = Debug|x64
		{6013E6A1-235B-4E2D-8A69-089F8E4B6858}.Release|x64.ActiveCfg = Release|x64
		{6013E6A1-235B-4E2D-8A69-089F8E4B6858}.Release|x64.Build.0 = Release|x64
		{B31137D8-982E-476C-8E55-CC3022E45B31}.Debug|x64.ActiveCfg = Debug|x64
		{B31137D8-982E-476C-8E55-CC3022E45B31}.Debug|x64.Build.0 = Debug|x64
		{B31137D8-982E-476C-8E55-CC3022E45B31}.Release|x64.ActiveCfg = Release|x64
		{B31137D8-982E-476C-8E55-CC3022E45B31}.Release|x64.Build.0 = Release|x64
	EndGlobalSection
	GlobalSection(SolutionProperties) = preSolution
		HideSolutionNode = FALSE
	EndGlobalSection
	GlobalSection(ExtensibilityGlobals) = postSolution
		SolutionGuid = {96EC9CC6-5C15-4D70-BF5B-14654FE7023B}
	EndGlobalSection
EndGlobal
